
Microsoft Visual Studio Solution File, Format Version 12.00
# Visual Studio 15
VisualStudioVersion = 15.0.28307.1705
MinimumVisualStudioVersion = 10.0.40219.1
Project("{FAE04EC0-301F-11D3-BF4B-00C04F79EFBC}") = "TRUEconnect4_final", "TRUEconnect4_final\TRUEconnect4_final.csproj", "{B199C79E-A56E-447A-9E68-58E2CFF66190}"
EndProject
Global
	GlobalSection(SolutionConfigurationPlatforms) = preSolution
		Debug|Any CPU = Debug|Any CPU
		Release|Any CPU = Release|Any CPU
	EndGlobalSection
	GlobalSection(ProjectConfigurationPlatforms) = postSolution
		{B199C79E-A56E-447A-9E68-58E2CFF66190}.Debug|Any CPU.ActiveCfg = Debug|Any CPU
		{B199C79E-A56E-447A-9E68-58E2CFF66190}.Debug|Any CPU.Build.0 = Debug|Any CPU
		{B199C79E-A56E-447A-9E68-58E2CFF66190}.Release|Any CPU.ActiveCfg = Release|Any CPU
		{B199C79E-A56E-447A-9E68-58E2CFF66190}.Release|Any CPU.Build.0 = Release|Any CPU
	EndGlobalSection
	GlobalSection(SolutionProperties) = preSolution
		HideSolutionNode = FALSE
	EndGlobalSection
	GlobalSection(ExtensibilityGlobals) = postSolution
		SolutionGuid = {53C660DB-3A90-4DAA-852C-0BE7E2AD2A01}
	EndGlobalSection
EndGlobal
